{
  "name": "AluraTyper",
  "version": "1.0.0",
  "lockfileVersion": 2,
  "requires": true,
  "packages": {
    "": {
      "name": "AluraTyper",
      "version": "1.0.0",
      "license": "ISC",
      "devDependencies": {
        "body-parser": "^1.15.2",
        "consign": "^0.1.2",
        "express": "^4.14.0",
        "nedb": "^1.1.2"
      }
    },
    "node_modules/body-parser": {
      "version": "1.15.2",
      "dev": true,
      "license": "MIT",
      "dependencies": {
        "bytes": "2.4.0",
        "content-type": "~1.0.2",
        "debug": "~2.2.0",
        "depd": "~1.1.0",
        "http-errors": "~1.5.0",
        "iconv-lite": "0.4.13",
        "on-finished": "~2.3.0",
        "qs": "6.2.0",
        "raw-body": "~2.1.7",
        "type-is": "~1.6.13"
      },
      "engines": {
        "node": ">= 0.8"
      }
    },
    "node_modules/body-parser/node_modules/bytes": {
      "version": "2.4.0",
      "dev": true,
      "license": "MIT"
    },
    "node_modules/body-parser/node_modules/content-type": {
      "version": "1.0.2",
      "dev": true,
      "license": "MIT",
      "engines": {
        "node": ">= 0.6"
      }
    },
    "node_modules/body-parser/node_modules/debug": {
      "version": "2.2.0",
      "dev": true,
      "license": "MIT",
      "dependencies": {
        "ms": "0.7.1"
      }
    },
    "node_modules/body-parser/node_modules/debug/node_modules/ms": {
      "version": "0.7.1",
      "dev": true
    },
    "node_modules/body-parser/node_modules/depd": {
      "version": "1.1.0",
      "dev": true,
      "license": "MIT",
      "engines": {
        "node": ">= 0.6"
      }
    },
    "node_modules/body-parser/node_modules/http-errors": {
      "version": "1.5.0",
      "dev": true,
      "license": "MIT",
      "dependencies": {
        "inherits": "2.0.1",
        "setprototypeof": "1.0.1",
        "statuses": ">= 1.3.0 < 2"
      },
      "engines": {
        "node": ">= 0.6"
      }
    },
    "node_modules/body-parser/node_modules/http-errors/node_modules/inherits": {
      "version": "2.0.1",
      "dev": true,
      "license": "ISC"
    },
    "node_modules/body-parser/node_modules/http-errors/node_modules/setprototypeof": {
      "version": "1.0.1",
      "dev": true,
      "license": "ISC"
    },
    "node_modules/body-parser/node_modules/http-errors/node_modules/statuses": {
      "version": "1.3.0",
      "dev": true,
      "license": "MIT",
      "engines": {
        "node": ">= 0.6"
      }
    },
    "node_modules/body-parser/node_modules/iconv-lite": {
      "version": "0.4.13",
      "dev": true,
      "license": "MIT",
      "engines": {
        "node": ">=0.8.0"
      }
    },
    "node_modules/body-parser/node_modules/on-finished": {
      "version": "2.3.0",
      "dev": true,
      "license": "MIT",
      "dependencies": {
        "ee-first": "1.1.1"
      },
      "engines": {
        "node": ">= 0.8"
      }
    },
    "node_modules/body-parser/node_modules/on-finished/node_modules/ee-first": {
      "version": "1.1.1",
      "dev": true,
      "license": "MIT"
    },
    "node_modules/body-parser/node_modules/qs": {
      "version": "6.2.0",
      "dev": true,
      "license": "BSD-3-Clause",
      "engines": {
        "node": ">=0.6"
      }
    },
    "node_modules/body-parser/node_modules/raw-body": {
      "version": "2.1.7",
      "dev": true,
      "license": "MIT",
      "dependencies": {
        "bytes": "2.4.0",
        "iconv-lite": "0.4.13",
        "unpipe": "1.0.0"
      },
      "engines": {
        "node": ">= 0.8"
      }
    },
    "node_modules/body-parser/node_modules/raw-body/node_modules/unpipe": {
      "version": "1.0.0",
      "dev": true,
      "license": "MIT",
      "engines": {
        "node": ">= 0.8"
      }
    },
    "node_modules/body-parser/node_modules/type-is": {
      "version": "1.6.13",
      "dev": true,
      "license": "MIT",
      "dependencies": {
        "media-typer": "0.3.0",
        "mime-types": "~2.1.11"
      },
      "engines": {
        "node": ">= 0.6"
      }
    },
    "node_modules/body-parser/node_modules/type-is/node_modules/media-typer": {
      "version": "0.3.0",
      "dev": true,
      "license": "MIT",
      "engines": {
        "node": ">= 0.6"
      }
    },
    "node_modules/body-parser/node_modules/type-is/node_modules/mime-types": {
      "version": "2.1.11",
      "dev": true,
      "license": "MIT",
      "dependencies": {
        "mime-db": "~1.23.0"
      },
      "engines": {
        "node": ">= 0.6"
      }
    },
    "node_modules/body-parser/node_modules/type-is/node_modules/mime-types/node_modules/mime-db": {
      "version": "1.23.0",
      "dev": true,
      "license": "MIT",
      "engines": {
        "node": ">= 0.6"
      }
    },
    "node_modules/consign": {
      "version": "0.1.2",
      "dev": true,
      "engines": {
        "node": "*"
      }
    },
    "node_modules/express": {
      "version": "4.14.0",
      "dev": true,
      "license": "MIT",
      "dependencies": {
        "accepts": "~1.3.3",
        "array-flatten": "1.1.1",
        "content-disposition": "0.5.1",
        "content-type": "~1.0.2",
        "cookie": "0.3.1",
        "cookie-signature": "1.0.6",
        "debug": "~2.2.0",
        "depd": "~1.1.0",
        "encodeurl": "~1.0.1",
        "escape-html": "~1.0.3",
        "etag": "~1.7.0",
        "finalhandler": "0.5.0",
        "fresh": "0.3.0",
        "merge-descriptors": "1.0.1",
        "methods": "~1.1.2",
        "on-finished": "~2.3.0",
        "parseurl": "~1.3.1",
        "path-to-regexp": "0.1.7",
        "proxy-addr": "~1.1.2",
        "qs": "6.2.0",
        "range-parser": "~1.2.0",
        "send": "0.14.1",
        "serve-static": "~1.11.1",
        "type-is": "~1.6.13",
        "utils-merge": "1.0.0",
        "vary": "~1.1.0"
      },
      "engines": {
        "node": ">= 0.10.0"
      }
    },
    "node_modules/express/node_modules/accepts": {
      "version": "1.3.3",
      "dev": true,
      "license": "MIT",
      "dependencies": {
        "mime-types": "~2.1.11",
        "negotiator": "0.6.1"
      },
      "engines": {
        "node": ">= 0.6"
      }
    },
    "node_modules/express/node_modules/accepts/node_modules/mime-types": {
      "version": "2.1.11",
      "dev": true,
      "license": "MIT",
      "dependencies": {
        "mime-db": "~1.23.0"
      },
      "engines": {
        "node": ">= 0.6"
      }
    },
    "node_modules/express/node_modules/accepts/node_modules/mime-types/node_modules/mime-db": {
      "version": "1.23.0",
      "dev": true,
      "license": "MIT",
      "engines": {
        "node": ">= 0.6"
      }
    },
    "node_modules/express/node_modules/accepts/node_modules/negotiator": {
      "version": "0.6.1",
      "dev": true,
      "license": "MIT",
      "engines": {
        "node": ">= 0.6"
      }
    },
    "node_modules/express/node_modules/array-flatten": {
      "version": "1.1.1",
      "dev": true,
      "license": "MIT"
    },
    "node_modules/express/node_modules/content-disposition": {
      "version": "0.5.1",
      "dev": true,
      "license": "MIT",
      "engines": {
        "node": ">= 0.6"
      }
    },
    "node_modules/express/node_modules/content-type": {
      "version": "1.0.2",
      "dev": true,
      "license": "MIT",
      "engines": {
        "node": ">= 0.6"
      }
    },
    "node_modules/express/node_modules/cookie": {
      "version": "0.3.1",
      "dev": true,
      "license": "MIT",
      "engines": {
        "node": ">= 0.6"
      }
    },
    "node_modules/express/node_modules/cookie-signature": {
      "version": "1.0.6",
      "dev": true,
      "license": "MIT"
    },
    "node_modules/express/node_modules/debug": {
      "version": "2.2.0",
      "dev": true,
      "license": "MIT",
      "dependencies": {
        "ms": "0.7.1"
      }
    },
    "node_modules/express/node_modules/debug/node_modules/ms": {
      "version": "0.7.1",
      "dev": true
    },
    "node_modules/express/node_modules/depd": {
      "version": "1.1.0",
      "dev": true,
      "license": "MIT",
      "engines": {
        "node": ">= 0.6"
      }
    },
    "node_modules/express/node_modules/encodeurl": {
      "version": "1.0.1",
      "dev": true,
      "license": "MIT",
      "engines": {
        "node": ">= 0.8"
      }
    },
    "node_modules/express/node_modules/escape-html": {
      "version": "1.0.3",
      "dev": true,
      "license": "MIT"
    },
    "node_modules/express/node_modules/etag": {
      "version": "1.7.0",
      "dev": true,
      "license": "MIT",
      "engines": {
        "node": ">= 0.6"
      }
    },
    "node_modules/express/node_modules/finalhandler": {
      "version": "0.5.0",
      "dev": true,
      "license": "MIT",
      "dependencies": {
        "debug": "~2.2.0",
        "escape-html": "~1.0.3",
        "on-finished": "~2.3.0",
        "statuses": "~1.3.0",
        "unpipe": "~1.0.0"
      },
      "engines": {
        "node": ">= 0.8"
      }
    },
    "node_modules/express/node_modules/finalhandler/node_modules/statuses": {
      "version": "1.3.0",
      "dev": true,
      "license": "MIT",
      "engines": {
        "node": ">= 0.6"
      }
    },
    "node_modules/express/node_modules/finalhandler/node_modules/unpipe": {
      "version": "1.0.0",
      "dev": true,
      "license": "MIT",
      "engines": {
        "node": ">= 0.8"
      }
    },
    "node_modules/express/node_modules/fresh": {
      "version": "0.3.0",
      "dev": true,
      "license": "MIT",
      "engines": {
        "node": ">= 0.6"
      }
    },
    "node_modules/express/node_modules/merge-descriptors": {
      "version": "1.0.1",
      "dev": true,
      "license": "MIT"
    },
    "node_modules/express/node_modules/methods": {
      "version": "1.1.2",
      "dev": true,
      "license": "MIT",
      "engines": {
        "node": ">= 0.6"
      }
    },
    "node_modules/express/node_modules/on-finished": {
      "version": "2.3.0",
      "dev": true,
      "license": "MIT",
      "dependencies": {
        "ee-first": "1.1.1"
      },
      "engines": {
        "node": ">= 0.8"
      }
    },
    "node_modules/express/node_modules/on-finished/node_modules/ee-first": {
      "version": "1.1.1",
      "dev": true,
      "license": "MIT"
    },
    "node_modules/express/node_modules/parseurl": {
      "version": "1.3.1",
      "dev": true,
      "license": "MIT",
      "engines": {
        "node": ">= 0.8"
      }
    },
    "node_modules/express/node_modules/path-to-regexp": {
      "version": "0.1.7",
      "dev": true,
      "license": "MIT"
    },
    "node_modules/express/node_modules/proxy-addr": {
      "version": "1.1.2",
      "dev": true,
      "license": "MIT",
      "dependencies": {
        "forwarded": "~0.1.0",
        "ipaddr.js": "1.1.1"
      },
      "engines": {
        "node": ">= 0.6"
      }
    },
    "node_modules/express/node_modules/proxy-addr/node_modules/forwarded": {
      "version": "0.1.0",
      "dev": true,
      "license": "MIT",
      "engines": {
        "node": ">= 0.6"
      }
    },
    "node_modules/express/node_modules/proxy-addr/node_modules/ipaddr.js": {
      "version": "1.1.1",
      "dev": true,
      "license": "MIT",
      "engines": {
        "node": ">= 0.10"
      }
    },
    "node_modules/express/node_modules/qs": {
      "version": "6.2.0",
      "dev": true,
      "license": "BSD-3-Clause",
      "engines": {
        "node": ">=0.6"
      }
    },
    "node_modules/express/node_modules/range-parser": {
      "version": "1.2.0",
      "dev": true,
      "license": "MIT",
      "engines": {
        "node": ">= 0.6"
      }
    },
    "node_modules/express/node_modules/send": {
      "version": "0.14.1",
      "dev": true,
      "license": "MIT",
      "dependencies": {
        "debug": "~2.2.0",
        "depd": "~1.1.0",
        "destroy": "~1.0.4",
        "encodeurl": "~1.0.1",
        "escape-html": "~1.0.3",
        "etag": "~1.7.0",
        "fresh": "0.3.0",
        "http-errors": "~1.5.0",
        "mime": "1.3.4",
        "ms": "0.7.1",
        "on-finished": "~2.3.0",
        "range-parser": "~1.2.0",
        "statuses": "~1.3.0"
      },
      "engines": {
        "node": ">= 0.8.0"
      }
    },
    "node_modules/express/node_modules/send/node_modules/destroy": {
      "version": "1.0.4",
      "dev": true,
      "license": "MIT"
    },
    "node_modules/express/node_modules/send/node_modules/http-errors": {
      "version": "1.5.0",
      "dev": true,
      "license": "MIT",
      "dependencies": {
        "inherits": "2.0.1",
        "setprototypeof": "1.0.1",
        "statuses": ">= 1.3.0 < 2"
      },
      "engines": {
        "node": ">= 0.6"
      }
    },
    "node_modules/express/node_modules/send/node_modules/http-errors/node_modules/inherits": {
      "version": "2.0.1",
      "dev": true,
      "license": "ISC"
    },
    "node_modules/express/node_modules/send/node_modules/http-errors/node_modules/setprototypeof": {
      "version": "1.0.1",
      "dev": true,
      "license": "ISC"
    },
    "node_modules/express/node_modules/send/node_modules/mime": {
      "version": "1.3.4",
      "dev": true,
      "bin": {
        "mime": "cli.js"
      }
    },
    "node_modules/express/node_modules/send/node_modules/ms": {
      "version": "0.7.1",
      "dev": true
    },
    "node_modules/express/node_modules/send/node_modules/statuses": {
      "version": "1.3.0",
      "dev": true,
      "license": "MIT",
      "engines": {
        "node": ">= 0.6"
      }
    },
    "node_modules/express/node_modules/serve-static": {
      "version": "1.11.1",
      "dev": true,
      "license": "MIT",
      "dependencies": {
        "encodeurl": "~1.0.1",
        "escape-html": "~1.0.3",
        "parseurl": "~1.3.1",
        "send": "0.14.1"
      },
      "engines": {
        "node": ">= 0.8.0"
      }
    },
    "node_modules/express/node_modules/type-is": {
      "version": "1.6.13",
      "dev": true,
      "license": "MIT",
      "dependencies": {
        "media-typer": "0.3.0",
        "mime-types": "~2.1.11"
      },
      "engines": {
        "node": ">= 0.6"
      }
    },
    "node_modules/express/node_modules/type-is/node_modules/media-typer": {
      "version": "0.3.0",
      "dev": true,
      "license": "MIT",
      "engines": {
        "node": ">= 0.6"
      }
    },
    "node_modules/express/node_modules/type-is/node_modules/mime-types": {
      "version": "2.1.11",
      "dev": true,
      "license": "MIT",
      "dependencies": {
        "mime-db": "~1.23.0"
      },
      "engines": {
        "node": ">= 0.6"
      }
    },
    "node_modules/express/node_modules/type-is/node_modules/mime-types/node_modules/mime-db": {
      "version": "1.23.0",
      "dev": true,
      "license": "MIT",
      "engines": {
        "node": ">= 0.6"
      }
    },
    "node_modules/express/node_modules/utils-merge": {
      "version": "1.0.0",
      "dev": true,
      "engines": {
        "node": ">= 0.4.0"
      }
    },
    "node_modules/express/node_modules/vary": {
      "version": "1.1.0",
      "dev": true,
      "license": "MIT",
      "engines": {
        "node": ">= 0.8"
      }
    },
    "node_modules/nedb": {
      "version": "1.8.0",
      "dev": true,
      "license": "SEE LICENSE IN LICENSE",
      "dependencies": {
        "async": "0.2.10",
        "binary-search-tree": "0.2.5",
        "localforage": "^1.3.0",
        "mkdirp": "~0.5.1",
        "underscore": "~1.4.4"
      }
    },
    "node_modules/nedb/node_modules/async": {
      "version": "0.2.10",
      "dev": true
    },
    "node_modules/nedb/node_modules/binary-search-tree": {
      "version": "0.2.5",
      "dev": true,
      "dependencies": {
        "underscore": "~1.4.4"
      }
    },
    "node_modules/nedb/node_modules/localforage": {
      "version": "1.4.2",
      "dev": true,
      "license": "Apache-2.0",
      "dependencies": {
        "lie": "3.0.2"
      }
    },
    "node_modules/nedb/node_modules/localforage/node_modules/lie": {
      "version": "3.0.2",
      "dev": true,
      "license": "MIT",
      "dependencies": {
        "es3ify": "^0.1.3",
        "immediate": "~3.0.5",
        "inline-process-browser": "^1.0.0",
        "unreachable-branch-transform": "^0.3.0"
      }
    },
    "node_modules/nedb/node_modules/localforage/node_modules/lie/node_modules/es3ify": {
      "version": "0.1.4",
      "dev": true,
      "license": "MIT",
      "dependencies": {
        "esprima-fb": "~3001.0001.0000-dev-harmony-fb",
        "jstransform": "~3.0.0",
        "through": "~2.3.4"
      }
    },
    "node_modules/nedb/node_modules/localforage/node_modules/lie/node_modules/es3ify/node_modules/esprima-fb": {
      "version": "3001.1.0-dev-harmony-fb",
      "dev": true,
      "bin": {
        "esparse": "bin/esparse.js",
        "esvalidate": "bin/esvalidate.js"
      },
      "engines": {
        "node": ">=0.4.0"
      }
    },
    "node_modules/nedb/node_modules/localforage/node_modules/lie/node_modules/es3ify/node_modules/jstransform": {
      "version": "3.0.0",
      "dev": true,
      "dependencies": {
        "base62": "0.1.1",
        "esprima-fb": "~3001.1.0-dev-harmony-fb",
        "source-map": "0.1.31"
      },
      "engines": {
        "node": ">=0.8.8"
      }
    },
    "node_modules/nedb/node_modules/localforage/node_modules/lie/node_modules/es3ify/node_modules/jstransform/node_modules/base62": {
      "version": "0.1.1",
      "dev": true,
      "engines": {
        "node": "*"
      }
    },
    "node_modules/nedb/node_modules/localforage/node_modules/lie/node_modules/es3ify/node_modules/jstransform/node_modules/source-map": {
      "version": "0.1.31",
      "dev": true,
      "dependencies": {
        "amdefine": ">=0.0.4"
      },
      "engines": {
        "node": ">=0.8.0"
      }
    },
    "node_modules/nedb/node_modules/localforage/node_modules/lie/node_modules/es3ify/node_modules/jstransform/node_modules/source-map/node_modules/amdefine": {
      "version": "1.0.0",
      "dev": true,
      "license": "BSD-3-Clause AND MIT",
      "engines": {
        "node": ">=0.4.2"
      }
    },
    "node_modules/nedb/node_modules/localforage/node_modules/lie/node_modules/es3ify/node_modules/through": {
      "version": "2.3.8",
      "dev": true,
      "license": "MIT"
    },
    "node_modules/nedb/node_modules/localforage/node_modules/lie/node_modules/immediate": {
      "version": "3.0.6",
      "dev": true,
      "license": "MIT"
    },
    "node_modules/nedb/node_modules/localforage/node_modules/lie/node_modules/inline-process-browser": {
      "version": "1.0.0",
      "dev": true,
      "license": "MIT",
      "dependencies": {
        "falafel": "^1.0.1",
        "through2": "^0.6.5"
      }
    },
    "node_modules/nedb/node_modules/localforage/node_modules/lie/node_modules/inline-process-browser/node_modules/falafel": {
      "version": "1.2.0",
      "dev": true,
      "license": "MIT",
      "dependencies": {
        "acorn": "^1.0.3",
        "foreach": "^2.0.5",
        "isarray": "0.0.1",
        "object-keys": "^1.0.6"
      },
      "engines": {
        "node": ">=0.4.0"
      }
    },
    "node_modules/nedb/node_modules/localforage/node_modules/lie/node_modules/inline-process-browser/node_modules/falafel/node_modules/acorn": {
      "version": "1.2.2",
      "dev": true,
      "license": "MIT",
      "bin": {
        "acorn": "bin/acorn"
      },
      "engines": {
        "node": ">=0.4.0"
      }
    },
    "node_modules/nedb/node_modules/localforage/node_modules/lie/node_modules/inline-process-browser/node_modules/falafel/node_modules/foreach": {
      "version": "2.0.5",
      "dev": true,
      "license": "MIT"
    },
    "node_modules/nedb/node_modules/localforage/node_modules/lie/node_modules/inline-process-browser/node_modules/falafel/node_modules/isarray": {
      "version": "0.0.1",
      "dev": true,
      "license": "MIT"
    },
    "node_modules/nedb/node_modules/localforage/node_modules/lie/node_modules/inline-process-browser/node_modules/falafel/node_modules/object-keys": {
      "version": "1.0.11",
      "dev": true,
      "license": "MIT",
      "engines": {
        "node": ">= 0.4"
      }
    },
    "node_modules/nedb/node_modules/localforage/node_modules/lie/node_modules/inline-process-browser/node_modules/through2": {
      "version": "0.6.5",
      "dev": true,
      "license": "MIT",
      "dependencies": {
        "readable-stream": ">=1.0.33-1 <1.1.0-0",
        "xtend": ">=4.0.0 <4.1.0-0"
      }
    },
    "node_modules/nedb/node_modules/localforage/node_modules/lie/node_modules/inline-process-browser/node_modules/through2/node_modules/readable-stream": {
      "version": "1.0.34",
      "dev": true,
      "license": "MIT",
      "dependencies": {
        "core-util-is": "~1.0.0",
        "inherits": "~2.0.1",
        "isarray": "0.0.1",
        "string_decoder": "~0.10.x"
      }
    },
    "node_modules/nedb/node_modules/localforage/node_modules/lie/node_modules/inline-process-browser/node_modules/through2/node_modules/readable-stream/node_modules/core-util-is": {
      "version": "1.0.2",
      "dev": true,
      "license": "MIT"
    },
    "node_modules/nedb/node_modules/localforage/node_modules/lie/node_modules/inline-process-browser/node_modules/through2/node_modules/readable-stream/node_modules/inherits": {
      "version": "2.0.1",
      "dev": true,
      "license": "ISC"
    },
    "node_modules/nedb/node_modules/localforage/node_modules/lie/node_modules/inline-process-browser/node_modules/through2/node_modules/readable-stream/node_modules/isarray": {
      "version": "0.0.1",
      "dev": true,
      "license": "MIT"
    },
    "node_modules/nedb/node_modules/localforage/node_modules/lie/node_modules/inline-process-browser/node_modules/through2/node_modules/readable-stream/node_modules/string_decoder": {
      "version": "0.10.31",
      "dev": true,
      "license": "MIT"
    },
    "node_modules/nedb/node_modules/localforage/node_modules/lie/node_modules/inline-process-browser/node_modules/through2/node_modules/xtend": {
      "version": "4.0.1",
      "dev": true,
      "license": "MIT",
      "engines": {
        "node": ">=0.4"
      }
    },
    "node_modules/nedb/node_modules/localforage/node_modules/lie/node_modules/unreachable-branch-transform": {
      "version": "0.3.0",
      "dev": true,
      "license": "MIT",
      "dependencies": {
        "esmangle-evaluator": "^1.0.0",
        "recast": "^0.10.1",
        "through2": "^0.6.2"
      }
    },
    "node_modules/nedb/node_modules/localforage/node_modules/lie/node_modules/unreachable-branch-transform/node_modules/esmangle-evaluator": {
      "version": "1.0.1",
      "dev": true,
      "license": "MIT"
    },
    "node_modules/nedb/node_modules/localforage/node_modules/lie/node_modules/unreachable-branch-transform/node_modules/recast": {
      "version": "0.10.43",
      "dev": true,
      "license": "MIT",
      "dependencies": {
        "ast-types": "0.8.15",
        "esprima-fb": "~15001.1001.0-dev-harmony-fb",
        "private": "~0.1.5",
        "source-map": "~0.5.0"
      },
      "engines": {
        "node": ">= 0.8"
      }
    },
    "node_modules/nedb/node_modules/localforage/node_modules/lie/node_modules/unreachable-branch-transform/node_modules/recast/node_modules/ast-types": {
      "version": "0.8.15",
      "dev": true,
      "license": "MIT",
      "engines": {
        "node": ">= 0.8"
      }
    },
    "node_modules/nedb/node_modules/localforage/node_modules/lie/node_modules/unreachable-branch-transform/node_modules/recast/node_modules/esprima-fb": {
      "version": "15001.1001.0-dev-harmony-fb",
      "dev": true,
      "bin": {
        "esparse": "bin/esparse.js",
        "esvalidate": "bin/esvalidate.js"
      },
      "engines": {
        "node": ">=0.4.0"
      }
    },
    "node_modules/nedb/node_modules/localforage/node_modules/lie/node_modules/unreachable-branch-transform/node_modules/recast/node_modules/private": {
      "version": "0.1.6",
      "dev": true,
      "license": "MIT",
      "engines": {
        "node": ">= 0.6"
      }
    },
    "node_modules/nedb/node_modules/localforage/node_modules/lie/node_modules/unreachable-branch-transform/node_modules/recast/node_modules/source-map": {
      "version": "0.5.6",
      "dev": true,
      "license": "BSD-3-Clause",
      "engines": {
        "node": ">=0.10.0"
      }
    },
    "node_modules/nedb/node_modules/localforage/node_modules/lie/node_modules/unreachable-branch-transform/node_modules/through2": {
      "version": "0.6.5",
      "dev": true,
      "license": "MIT",
      "dependencies": {
        "readable-stream": ">=1.0.33-1 <1.1.0-0",
        "xtend": ">=4.0.0 <4.1.0-0"
      }
    },
    "node_modules/nedb/node_modules/localforage/node_modules/lie/node_modules/unreachable-branch-transform/node_modules/through2/node_modules/readable-stream": {
      "version": "1.0.34",
      "dev": true,
      "license": "MIT",
      "dependencies": {
        "core-util-is": "~1.0.0",
        "inherits": "~2.0.1",
        "isarray": "0.0.1",
        "string_decoder": "~0.10.x"
      }
    },
    "node_modules/nedb/node_modules/localforage/node_modules/lie/node_modules/unreachable-branch-transform/node_modules/through2/node_modules/readable-stream/node_modules/core-util-is": {
      "version": "1.0.2",
      "dev": true,
      "license": "MIT"
    },
    "node_modules/nedb/node_modules/localforage/node_modules/lie/node_modules/unreachable-branch-transform/node_modules/through2/node_modules/readable-stream/node_modules/inherits": {
      "version": "2.0.1",
      "dev": true,
      "license": "ISC"
    },
    "node_modules/nedb/node_modules/localforage/node_modules/lie/node_modules/unreachable-branch-transform/node_modules/through2/node_modules/readable-stream/node_modules/isarray": {
      "version": "0.0.1",
      "dev": true,
      "license": "MIT"
    },
    "node_modules/nedb/node_modules/localforage/node_modules/lie/node_modules/unreachable-branch-transform/node_modules/through2/node_modules/readable-stream/node_modules/string_decoder": {
      "version": "0.10.31",
      "dev": true,
      "license": "MIT"
    },
    "node_modules/nedb/node_modules/localforage/node_modules/lie/node_modules/unreachable-branch-transform/node_modules/through2/node_modules/xtend": {
      "version": "4.0.1",
      "dev": true,
      "license": "MIT",
      "engines": {
        "node": ">=0.4"
      }
    },
    "node_modules/nedb/node_modules/mkdirp": {
      "version": "0.5.1",
      "dev": true,
      "license": "MIT",
      "dependencies": {
        "minimist": "0.0.8"
      },
      "bin": {
        "mkdirp": "bin/cmd.js"
      }
    },
    "node_modules/nedb/node_modules/mkdirp/node_modules/minimist": {
      "version": "0.0.8",
      "dev": true,
      "license": "MIT"
    },
    "node_modules/nedb/node_modules/underscore": {
      "version": "1.4.4",
      "dev": true
    }
  },
  "dependencies": {
    "body-parser": {
      "version": "1.15.2",
      "dev": true,
      "requires": {
        "bytes": "2.4.0",
        "content-type": "~1.0.2",
        "debug": "~2.2.0",
        "depd": "~1.1.0",
        "http-errors": "~1.5.0",
        "iconv-lite": "0.4.13",
        "on-finished": "~2.3.0",
        "qs": "6.2.0",
        "raw-body": "~2.1.7",
        "type-is": "~1.6.13"
      },
      "dependencies": {
        "bytes": {
          "version": "2.4.0",
          "dev": true
        },
        "content-type": {
          "version": "1.0.2",
          "dev": true
        },
        "debug": {
          "version": "2.2.0",
          "dev": true,
          "requires": {
            "ms": "0.7.1"
          },
          "dependencies": {
            "ms": {
              "version": "0.7.1",
              "dev": true
            }
          }
        },
        "depd": {
          "version": "1.1.0",
          "dev": true
        },
        "http-errors": {
          "version": "1.5.0",
          "dev": true,
          "requires": {
            "inherits": "2.0.1",
            "setprototypeof": "1.0.1",
            "statuses": ">= 1.3.0 < 2"
          },
          "dependencies": {
            "inherits": {
              "version": "2.0.1",
              "dev": true
            },
            "setprototypeof": {
              "version": "1.0.1",
              "dev": true
            },
            "statuses": {
              "version": "1.3.0",
              "dev": true
            }
          }
        },
        "iconv-lite": {
          "version": "0.4.13",
          "dev": true
        },
        "on-finished": {
          "version": "2.3.0",
          "dev": true,
          "requires": {
            "ee-first": "1.1.1"
          },
          "dependencies": {
            "ee-first": {
              "version": "1.1.1",
              "dev": true
            }
          }
        },
        "qs": {
          "version": "6.2.0",
          "dev": true
        },
        "raw-body": {
          "version": "2.1.7",
          "dev": true,
          "requires": {
            "bytes": "2.4.0",
            "iconv-lite": "0.4.13",
            "unpipe": "1.0.0"
          },
          "dependencies": {
            "unpipe": {
              "version": "1.0.0",
              "dev": true
            }
          }
        },
        "type-is": {
          "version": "1.6.13",
          "dev": true,
          "requires": {
            "media-typer": "0.3.0",
            "mime-types": "~2.1.11"
          },
          "dependencies": {
            "media-typer": {
              "version": "0.3.0",
              "dev": true
            },
            "mime-types": {
              "version": "2.1.11",
              "dev": true,
              "requires": {
                "mime-db": "~1.23.0"
              },
              "dependencies": {
                "mime-db": {
                  "version": "1.23.0",
                  "dev": true
                }
              }
            }
          }
        }
      }
    },
    "consign": {
      "version": "0.1.2",
      "dev": true
    },
    "express": {
      "version": "4.14.0",
      "dev": true,
      "requires": {
        "accepts": "~1.3.3",
        "array-flatten": "1.1.1",
        "content-disposition": "0.5.1",
        "content-type": "~1.0.2",
        "cookie": "0.3.1",
        "cookie-signature": "1.0.6",
        "debug": "~2.2.0",
        "depd": "~1.1.0",
        "encodeurl": "~1.0.1",
        "escape-html": "~1.0.3",
        "etag": "~1.7.0",
        "finalhandler": "0.5.0",
        "fresh": "0.3.0",
        "merge-descriptors": "1.0.1",
        "methods": "~1.1.2",
        "on-finished": "~2.3.0",
        "parseurl": "~1.3.1",
        "path-to-regexp": "0.1.7",
        "proxy-addr": "~1.1.2",
        "qs": "6.2.0",
        "range-parser": "~1.2.0",
        "send": "0.14.1",
        "serve-static": "~1.11.1",
        "type-is": "~1.6.13",
        "utils-merge": "1.0.0",
        "vary": "~1.1.0"
      },
      "dependencies": {
        "accepts": {
          "version": "1.3.3",
          "dev": true,
          "requires": {
            "mime-types": "~2.1.11",
            "negotiator": "0.6.1"
          },
          "dependencies": {
            "mime-types": {
              "version": "2.1.11",
              "dev": true,
              "requires": {
                "mime-db": "~1.23.0"
              },
              "dependencies": {
                "mime-db": {
                  "version": "1.23.0",
                  "dev": true
                }
              }
            },
            "negotiator": {
              "version": "0.6.1",
              "dev": true
            }
          }
        },
        "array-flatten": {
          "version": "1.1.1",
          "dev": true
        },
        "content-disposition": {
          "version": "0.5.1",
          "dev": true
        },
        "content-type": {
          "version": "1.0.2",
          "dev": true
        },
        "cookie": {
          "version": "0.3.1",
          "dev": true
        },
        "cookie-signature": {
          "version": "1.0.6",
          "dev": true
        },
        "debug": {
          "version": "2.2.0",
          "dev": true,
          "requires": {
            "ms": "0.7.1"
          },
          "dependencies": {
            "ms": {
              "version": "0.7.1",
              "dev": true
            }
          }
        },
        "depd": {
          "version": "1.1.0",
          "dev": true
        },
        "encodeurl": {
          "version": "1.0.1",
          "dev": true
        },
        "escape-html": {
          "version": "1.0.3",
          "dev": true
        },
        "etag": {
          "version": "1.7.0",
          "dev": true
        },
        "finalhandler": {
          "version": "0.5.0",
          "dev": true,
          "requires": {
            "debug": "~2.2.0",
            "escape-html": "~1.0.3",
            "on-finished": "~2.3.0",
            "statuses": "~1.3.0",
            "unpipe": "~1.0.0"
          },
          "dependencies": {
            "statuses": {
              "version": "1.3.0",
              "dev": true
            },
            "unpipe": {
              "version": "1.0.0",
              "dev": true
            }
          }
        },
        "fresh": {
          "version": "0.3.0",
          "dev": true
        },
        "merge-descriptors": {
          "version": "1.0.1",
          "dev": true
        },
        "methods": {
          "version": "1.1.2",
          "dev": true
        },
        "on-finished": {
          "version": "2.3.0",
          "dev": true,
          "requires": {
            "ee-first": "1.1.1"
          },
          "dependencies": {
            "ee-first": {
              "version": "1.1.1",
              "dev": true
            }
          }
        },
        "parseurl": {
          "version": "1.3.1",
          "dev": true
        },
        "path-to-regexp": {
          "version": "0.1.7",
          "dev": true
        },
        "proxy-addr": {
          "version": "1.1.2",
          "dev": true,
          "requires": {
            "forwarded": "~0.1.0",
            "ipaddr.js": "1.1.1"
          },
          "dependencies": {
            "forwarded": {
              "version": "0.1.0",
              "dev": true
            },
            "ipaddr.js": {
              "version": "1.1.1",
              "dev": true
            }
          }
        },
        "qs": {
          "version": "6.2.0",
          "dev": true
        },
        "range-parser": {
          "version": "1.2.0",
          "dev": true
        },
        "send": {
          "version": "0.14.1",
          "dev": true,
          "requires": {
            "debug": "~2.2.0",
            "depd": "~1.1.0",
            "destroy": "~1.0.4",
            "encodeurl": "~1.0.1",
            "escape-html": "~1.0.3",
            "etag": "~1.7.0",
            "fresh": "0.3.0",
            "http-errors": "~1.5.0",
            "mime": "1.3.4",
            "ms": "0.7.1",
            "on-finished": "~2.3.0",
            "range-parser": "~1.2.0",
            "statuses": "~1.3.0"
          },
          "dependencies": {
            "destroy": {
              "version": "1.0.4",
              "dev": true
            },
            "http-errors": {
              "version": "1.5.0",
              "dev": true,
              "requires": {
                "inherits": "2.0.1",
                "setprototypeof": "1.0.1",
                "statuses": ">= 1.3.0 < 2"
              },
              "dependencies": {
                "inherits": {
                  "version": "2.0.1",
                  "dev": true
                },
                "setprototypeof": {
                  "version": "1.0.1",
                  "dev": true
                }
              }
            },
            "mime": {
              "version": "1.3.4",
              "dev": true
            },
            "ms": {
              "version": "0.7.1",
              "dev": true
            },
            "statuses": {
              "version": "1.3.0",
              "dev": true
            }
          }
        },
        "serve-static": {
          "version": "1.11.1",
          "dev": true,
          "requires": {
            "encodeurl": "~1.0.1",
            "escape-html": "~1.0.3",
            "parseurl": "~1.3.1",
            "send": "0.14.1"
          }
        },
        "type-is": {
          "version": "1.6.13",
          "dev": true,
          "requires": {
            "media-typer": "0.3.0",
            "mime-types": "~2.1.11"
          },
          "dependencies": {
            "media-typer": {
              "version": "0.3.0",
              "dev": true
            },
            "mime-types": {
              "version": "2.1.11",
              "dev": true,
              "requires": {
                "mime-db": "~1.23.0"
              },
              "dependencies": {
                "mime-db": {
                  "version": "1.23.0",
                  "dev": true
                }
              }
            }
          }
        },
        "utils-merge": {
          "version": "1.0.0",
          "dev": true
        },
        "vary": {
          "version": "1.1.0",
          "dev": true
        }
      }
    },
    "nedb": {
      "version": "1.8.0",
      "dev": true,
      "requires": {
        "async": "0.2.10",
        "binary-search-tree": "0.2.5",
        "localforage": "^1.3.0",
        "mkdirp": "~0.5.1",
        "underscore": "~1.4.4"
      },
      "dependencies": {
        "async": {
          "version": "0.2.10",
          "dev": true
        },
        "binary-search-tree": {
          "version": "0.2.5",
          "dev": true,
          "requires": {
            "underscore": "~1.4.4"
          }
        },
        "localforage": {
          "version": "1.4.2",
          "dev": true,
          "requires": {
            "lie": "3.0.2"
          },
          "dependencies": {
            "lie": {
              "version": "3.0.2",
              "dev": true,
              "requires": {
                "es3ify": "^0.1.3",
                "immediate": "~3.0.5",
                "inline-process-browser": "^1.0.0",
                "unreachable-branch-transform": "^0.3.0"
              },
              "dependencies": {
                "es3ify": {
                  "version": "0.1.4",
                  "dev": true,
                  "requires": {
                    "esprima-fb": "~3001.0001.0000-dev-harmony-fb",
                    "jstransform": "~3.0.0",
                    "through": "~2.3.4"
                  },
                  "dependencies": {
                    "esprima-fb": {
                      "version": "3001.1.0-dev-harmony-fb",
                      "dev": true
                    },
                    "jstransform": {
                      "version": "3.0.0",
                      "dev": true,
                      "requires": {
                        "base62": "0.1.1",
                        "esprima-fb": "~3001.1.0-dev-harmony-fb",
                        "source-map": "0.1.31"
                      },
                      "dependencies": {
                        "base62": {
                          "version": "0.1.1",
                          "dev": true
                        },
                        "source-map": {
                          "version": "0.1.31",
                          "dev": true,
                          "requires": {
                            "amdefine": ">=0.0.4"
                          },
                          "dependencies": {
                            "amdefine": {
                              "version": "1.0.0",
                              "dev": true
                            }
                          }
                        }
                      }
                    },
                    "through": {
                      "version": "2.3.8",
                      "dev": true
                    }
                  }
                },
                "immediate": {
                  "version": "3.0.6",
                  "dev": true
                },
                "inline-process-browser": {
                  "version": "1.0.0",
                  "dev": true,
                  "requires": {
                    "falafel": "^1.0.1",
                    "through2": "^0.6.5"
                  },
                  "dependencies": {
                    "falafel": {
                      "version": "1.2.0",
                      "dev": true,
                      "requires": {
                        "acorn": "^1.0.3",
                        "foreach": "^2.0.5",
                        "isarray": "0.0.1",
                        "object-keys": "^1.0.6"
                      },
                      "dependencies": {
                        "acorn": {
                          "version": "1.2.2",
                          "dev": true
                        },
                        "foreach": {
                          "version": "2.0.5",
                          "dev": true
                        },
                        "isarray": {
                          "version": "0.0.1",
                          "dev": true
                        },
                        "object-keys": {
                          "version": "1.0.11",
                          "dev": true
                        }
                      }
                    },
                    "through2": {
                      "version": "0.6.5",
                      "dev": true,
                      "requires": {
                        "readable-stream": ">=1.0.33-1 <1.1.0-0",
                        "xtend": ">=4.0.0 <4.1.0-0"
                      },
                      "dependencies": {
                        "readable-stream": {
                          "version": "1.0.34",
                          "dev": true,
                          "requires": {
                            "core-util-is": "~1.0.0",
                            "inherits": "~2.0.1",
                            "isarray": "0.0.1",
                            "string_decoder": "~0.10.x"
                          },
                          "dependencies": {
                            "core-util-is": {
                              "version": "1.0.2",
                              "dev": true
                            },
                            "inherits": {
                              "version": "2.0.1",
                              "dev": true
                            },
                            "isarray": {
                              "version": "0.0.1",
                              "dev": true
                            },
                            "string_decoder": {
                              "version": "0.10.31",
                              "dev": true
                            }
                          }
                        },
                        "xtend": {
                          "version": "4.0.1",
                          "dev": true
                        }
                      }
                    }
                  }
                },
                "unreachable-branch-transform": {
                  "version": "0.3.0",
                  "dev": true,
                  "requires": {
                    "esmangle-evaluator": "^1.0.0",
                    "recast": "^0.10.1",
                    "through2": "^0.6.2"
                  },
                  "dependencies": {
                    "esmangle-evaluator": {
                      "version": "1.0.1",
                      "dev": true
                    },
                    "recast": {
                      "version": "0.10.43",
                      "dev": true,
                      "requires": {
                        "ast-types": "0.8.15",
                        "esprima-fb": "~15001.1001.0-dev-harmony-fb",
                        "private": "~0.1.5",
                        "source-map": "~0.5.0"
                      },
                      "dependencies": {
                        "ast-types": {
                          "version": "0.8.15",
                          "dev": true
                        },
                        "esprima-fb": {
                          "version": "15001.1001.0-dev-harmony-fb",
                          "dev": true
                        },
                        "private": {
                          "version": "0.1.6",
                          "dev": true
                        },
                        "source-map": {
                          "version": "0.5.6",
                          "dev": true
                        }
                      }
                    },
                    "through2": {
                      "version": "0.6.5",
                      "dev": true,
                      "requires": {
                        "readable-stream": ">=1.0.33-1 <1.1.0-0",
                        "xtend": ">=4.0.0 <4.1.0-0"
                      },
                      "dependencies": {
                        "readable-stream": {
                          "version": "1.0.34",
                          "dev": true,
                          "requires": {
                            "core-util-is": "~1.0.0",
                            "inherits": "~2.0.1",
                            "isarray": "0.0.1",
                            "string_decoder": "~0.10.x"
                          },
                          "dependencies": {
                            "core-util-is": {
                              "version": "1.0.2",
                              "dev": true
                            },
                            "inherits": {
                              "version": "2.0.1",
                              "dev": true
                            },
                            "isarray": {
                              "version": "0.0.1",
                              "dev": true
                            },
                            "string_decoder": {
                              "version": "0.10.31",
                              "dev": true
                            }
                          }
                        },
                        "xtend": {
                          "version": "4.0.1",
                          "dev": true
                        }
                      }
                    }
                  }
                }
              }
            }
          }
        },
        "mkdirp": {
          "version": "0.5.1",
          "dev": true,
          "requires": {
            "minimist": "0.0.8"
          },
          "dependencies": {
            "minimist": {
              "version": "0.0.8",
              "dev": true
            }
          }
        },
        "underscore": {
          "version": "1.4.4",
          "dev": true
        }
      }
    }
  }
}
